{
    "_readme": [
        "This file locks the dependencies of your project to a known state",
        "Read more about it at https://getcomposer.org/doc/01-basic-usage.md#composer-lock-the-lock-file",
        "This file is @generated automatically"
    ],
    "hash": "135fe49c6c06d03dcf084217b0dc99a7",
    "content-hash": "e206924757b10acfc871a5618c4e9ae4",
    "packages": [
        {
            "name": "ratiw/jsonpdf",
            "version": "dev-master",
            "source": {
                "type": "git",
                "url": "https://github.com/ratiw/JsonPDF.git",
                "reference": "23509695caa282fa3f0eadf254a2a1764bffbf78"
            },
            "dist": {
                "type": "zip",
                "url": "https://api.github.com/repos/ratiw/JsonPDF/zipball/23509695caa282fa3f0eadf254a2a1764bffbf78",
                "reference": "23509695caa282fa3f0eadf254a2a1764bffbf78",
                "shasum": ""
            },
            "require": {
                "php": ">=5.3.0"
            },
            "type": "library",
            "autoload": {
                "psr-0": {
                    "ratiw\\JsonPDF": "src/"
                }
            },
            "notification-url": "https://packagist.org/downloads/",
            "license": [
                "MIT"
            ],
            "authors": [
                {
                    "name": "Rati Wannapanop",
                    "email": "rati.wannapanop@gmail.com"
                }
            ],
            "description": "JsonPDF is a wrapper class of FPDF for creating PDF using JSON data.",
            "keywords": [
                "fpdf",
                "json",
                "pdf"
            ],
            "time": "2014-10-04 11:40:33"
        }
    ],
    "packages-dev": [],
    "aliases": [],
    "minimum-stability": "stable",
    "stability-flags": {
        "ratiw/jsonpdf": 20
    },
    "prefer-stable": false,
    "prefer-lowest": false,
    "platform": [],
    "platform-dev": []
}
